
Microsoft Visual Studio Solution File, Format Version 12.00
# Visual Studio Version 17
VisualStudioVersion = 17.13.35818.85 d17.13
MinimumVisualStudioVersion = 10.0.40219.1
Project("{FAE04EC0-301F-11D3-BF4B-00C04F79EFBC}") = "ErrorTool", "ErrorTool.csproj", "{4FA87E33-E6F2-427D-9589-9F573BEC2CF4}"
EndProject
Global
	GlobalSection(SolutionConfigurationPlatforms) = preSolution
		Debug|Any CPU = Debug|Any CPU
		Release|Any CPU = Release|Any CPU
	EndGlobalSection
	GlobalSection(ProjectConfigurationPlatforms) = postSolution
		{4FA87E33-E6F2-427D-9589-9F573BEC2CF4}.Debug|Any CPU.ActiveCfg = Debug|Any CPU
		{4FA87E33-E6F2-427D-9589-9F573BEC2CF4}.Debug|Any CPU.Build.0 = Debug|Any CPU
		{4FA87E33-E6F2-427D-9589-9F573BEC2CF4}.Release|Any CPU.ActiveCfg = Release|Any CPU
		{4FA87E33-E6F2-427D-9589-9F573BEC2CF4}.Release|Any CPU.Build.0 = Release|Any CPU
	EndGlobalSection
	GlobalSection(SolutionProperties) = preSolution
		HideSolutionNode = FALSE
	EndGlobalSection
	GlobalSection(ExtensibilityGlobals) = postSolution
		SolutionGuid = {58B4EC65-66FE-4AED-9BB9-E0DBABEE7161}
	EndGlobalSection
EndGlobal
